
Microsoft Visual Studio Solution File, Format Version 12.00
# Visual Studio 15
VisualStudioVersion = 15.0.26730.3
MinimumVisualStudioVersion = 10.0.40219.1
Project("{2150E333-8FDC-42A3-9474-1A3956D46DE8}") = "src", "src", "{EA3B955D-5C3D-46AF-9776-8DF98800355C}"
EndProject
Project("{2150E333-8FDC-42A3-9474-1A3956D46DE8}") = "Solution Items", "Solution Items", "{4F5E2B7E-92F9-4C0D-8223-BF03F0CC086B}"
EndProject
Project("{2150E333-8FDC-42A3-9474-1A3956D46DE8}") = "tests", "tests", "{BD90FAA9-B07D-4815-A64D-C35580576291}"
EndProject
Project("{9A19103F-16F7-4668-BE54-9A1E7A4F7556}") = "OnlineStore", "src\OnlineStore\OnlineStore.csproj", "{7BE272F8-E577-4385-942E-F7C70F7F37B0}"
EndProject
Project("{9A19103F-16F7-4668-BE54-9A1E7A4F7556}") = "OnlineStore.IntegrationTests", "tests\OnlineStore.IntegrationTests\OnlineStore.IntegrationTests.csproj", "{0D7FB75B-DFA2-400E-BFBE-12E832C91902}"
EndProject
Project("{9A19103F-16F7-4668-BE54-9A1E7A4F7556}") = "OnlineStore.UnitTests", "tests\OnlineStore.UnitTests\OnlineStore.UnitTests.csproj", "{BDFDF39E-EA1C-4C8D-B311-6D339C814C3A}"
EndProject
Global
	GlobalSection(SolutionConfigurationPlatforms) = preSolution
		Debug|Any CPU = Debug|Any CPU
		Debug|x86 = Debug|x86
		Release|Any CPU = Release|Any CPU
		Release|x86 = Release|x86
	EndGlobalSection
	GlobalSection(ProjectConfigurationPlatforms) = postSolution
		{7BE272F8-E577-4385-942E-F7C70F7F37B0}.Debug|Any CPU.ActiveCfg = Debug|Any CPU
		{7BE272F8-E577-4385-942E-F7C70F7F37B0}.Debug|Any CPU.Build.0 = Debug|Any CPU
		{7BE272F8-E577-4385-942E-F7C70F7F37B0}.Debug|x86.ActiveCfg = Debug|x86
		{7BE272F8-E577-4385-942E-F7C70F7F37B0}.Debug|x86.Build.0 = Debug|x86
		{7BE272F8-E577-4385-942E-F7C70F7F37B0}.Release|Any CPU.ActiveCfg = Release|Any CPU
		{7BE272F8-E577-4385-942E-F7C70F7F37B0}.Release|Any CPU.Build.0 = Release|Any CPU
		{7BE272F8-E577-4385-942E-F7C70F7F37B0}.Release|x86.ActiveCfg = Release|x86
		{7BE272F8-E577-4385-942E-F7C70F7F37B0}.Release|x86.Build.0 = Release|x86
		{0D7FB75B-DFA2-400E-BFBE-12E832C91902}.Debug|Any CPU.ActiveCfg = Debug|Any CPU
		{0D7FB75B-DFA2-400E-BFBE-12E832C91902}.Debug|Any CPU.Build.0 = Debug|Any CPU
		{0D7FB75B-DFA2-400E-BFBE-12E832C91902}.Debug|x86.ActiveCfg = Debug|Any CPU
		{0D7FB75B-DFA2-400E-BFBE-12E832C91902}.Debug|x86.Build.0 = Debug|Any CPU
		{0D7FB75B-DFA2-400E-BFBE-12E832C91902}.Release|Any CPU.ActiveCfg = Release|Any CPU
		{0D7FB75B-DFA2-400E-BFBE-12E832C91902}.Release|Any CPU.Build.0 = Release|Any CPU
		{0D7FB75B-DFA2-400E-BFBE-12E832C91902}.Release|x86.ActiveCfg = Release|Any CPU
		{0D7FB75B-DFA2-400E-BFBE-12E832C91902}.Release|x86.Build.0 = Release|Any CPU
		{BDFDF39E-EA1C-4C8D-B311-6D339C814C3A}.Debug|Any CPU.ActiveCfg = Debug|Any CPU
		{BDFDF39E-EA1C-4C8D-B311-6D339C814C3A}.Debug|Any CPU.Build.0 = Debug|Any CPU
		{BDFDF39E-EA1C-4C8D-B311-6D339C814C3A}.Debug|x86.ActiveCfg = Debug|Any CPU
		{BDFDF39E-EA1C-4C8D-B311-6D339C814C3A}.Debug|x86.Build.0 = Debug|Any CPU
		{BDFDF39E-EA1C-4C8D-B311-6D339C814C3A}.Release|Any CPU.ActiveCfg = Release|Any CPU
		{BDFDF39E-EA1C-4C8D-B311-6D339C814C3A}.Release|Any CPU.Build.0 = Release|Any CPU
		{BDFDF39E-EA1C-4C8D-B311-6D339C814C3A}.Release|x86.ActiveCfg = Release|Any CPU
		{BDFDF39E-EA1C-4C8D-B311-6D339C814C3A}.Release|x86.Build.0 = Release|Any CPU
	EndGlobalSection
	GlobalSection(SolutionProperties) = preSolution
		HideSolutionNode = FALSE
	EndGlobalSection
	GlobalSection(NestedProjects) = preSolution
		{7BE272F8-E577-4385-942E-F7C70F7F37B0} = {EA3B955D-5C3D-46AF-9776-8DF98800355C}
		{0D7FB75B-DFA2-400E-BFBE-12E832C91902} = {BD90FAA9-B07D-4815-A64D-C35580576291}
		{BDFDF39E-EA1C-4C8D-B311-6D339C814C3A} = {BD90FAA9-B07D-4815-A64D-C35580576291}
	EndGlobalSection
	GlobalSection(ExtensibilityGlobals) = postSolution
		SolutionGuid = {2AA838CF-785F-4D07-962A-9F58D68DB8CC}
	EndGlobalSection
EndGlobal
