
Microsoft Visual Studio Solution File, Format Version 12.00
# Visual Studio 14
VisualStudioVersion = 14.0.25420.1
MinimumVisualStudioVersion = 10.0.40219.1
Project("{2150E333-8FDC-42A3-9474-1A3956D46DE8}") = "src", "src", "{EA3B955D-5C3D-46AF-9776-8DF98800355C}"
EndProject
Project("{2150E333-8FDC-42A3-9474-1A3956D46DE8}") = "Solution Items", "Solution Items", "{4F5E2B7E-92F9-4C0D-8223-BF03F0CC086B}"
	ProjectSection(SolutionItems) = preProject
		global.json = global.json
	EndProjectSection
EndProject
Project("{8BB2217D-0F2D-49D1-97BC-3654ED321F3B}") = "OnlineStore", "src\OnlineStore\OnlineStore.xproj", "{7BE272F8-E577-4385-942E-F7C70F7F37B0}"
EndProject
Project("{2150E333-8FDC-42A3-9474-1A3956D46DE8}") = "tests", "tests", "{BD90FAA9-B07D-4815-A64D-C35580576291}"
EndProject
Project("{8BB2217D-0F2D-49D1-97BC-3654ED321F3B}") = "OnlineStore.IntegrationTests", "tests\OnlineStore.IntegrationTests\OnlineStore.IntegrationTests.xproj", "{0D7FB75B-DFA2-400E-BFBE-12E832C91902}"
EndProject
Global
	GlobalSection(SolutionConfigurationPlatforms) = preSolution
		Debug|Any CPU = Debug|Any CPU
		Release|Any CPU = Release|Any CPU
	EndGlobalSection
	GlobalSection(ProjectConfigurationPlatforms) = postSolution
		{7BE272F8-E577-4385-942E-F7C70F7F37B0}.Debug|Any CPU.ActiveCfg = Debug|Any CPU
		{7BE272F8-E577-4385-942E-F7C70F7F37B0}.Debug|Any CPU.Build.0 = Debug|Any CPU
		{7BE272F8-E577-4385-942E-F7C70F7F37B0}.Release|Any CPU.ActiveCfg = Release|Any CPU
		{7BE272F8-E577-4385-942E-F7C70F7F37B0}.Release|Any CPU.Build.0 = Release|Any CPU
		{0D7FB75B-DFA2-400E-BFBE-12E832C91902}.Debug|Any CPU.ActiveCfg = Debug|Any CPU
		{0D7FB75B-DFA2-400E-BFBE-12E832C91902}.Debug|Any CPU.Build.0 = Debug|Any CPU
		{0D7FB75B-DFA2-400E-BFBE-12E832C91902}.Release|Any CPU.ActiveCfg = Release|Any CPU
		{0D7FB75B-DFA2-400E-BFBE-12E832C91902}.Release|Any CPU.Build.0 = Release|Any CPU
	EndGlobalSection
	GlobalSection(SolutionProperties) = preSolution
		HideSolutionNode = FALSE
	EndGlobalSection
	GlobalSection(NestedProjects) = preSolution
		{7BE272F8-E577-4385-942E-F7C70F7F37B0} = {EA3B955D-5C3D-46AF-9776-8DF98800355C}
		{0D7FB75B-DFA2-400E-BFBE-12E832C91902} = {BD90FAA9-B07D-4815-A64D-C35580576291}
	EndGlobalSection
EndGlobal
